
Microsoft Visual Studio Solution File, Format Version 12.00
# Visual Studio Version 17
VisualStudioVersion = 17.5.33627.172
MinimumVisualStudioVersion = 10.0.40219.1
Project("{9A19103F-16F7-4668-BE54-9A1E7A4F7556}") = "API", "API\API.csproj", "{A98B5CD1-BCD0-4BD1-BD91-6406E62B3FCB}"
EndProject
Project("{2150E333-8FDC-42A3-9474-1A3956D46DE8}") = "API Layer", "API Layer", "{9B3E8393-732F-4789-A285-8ACABB0D7D0E}"
EndProject
Project("{2150E333-8FDC-42A3-9474-1A3956D46DE8}") = "Business Layer", "Business Layer", "{97E8193C-78CC-430A-BDDF-1A75F8294A6F}"
EndProject
Project("{2150E333-8FDC-42A3-9474-1A3956D46DE8}") = "Domain Layer", "Domain Layer", "{1066ED13-B386-4991-A649-349C270A250C}"
EndProject
Project("{2150E333-8FDC-42A3-9474-1A3956D46DE8}") = "Data Layer", "Data Layer", "{70F958E4-E72E-4156-B69E-F7CC3838D60E}"
EndProject
Project("{9A19103F-16F7-4668-BE54-9A1E7A4F7556}") = "Business", "Business\Business.csproj", "{9B14FF9B-0C72-4F93-ABC8-CFEE7691F0DE}"
EndProject
Project("{9A19103F-16F7-4668-BE54-9A1E7A4F7556}") = "Data", "Data\Data.csproj", "{B50E938D-8514-4AAD-895A-40D33EACCA06}"
EndProject
Project("{9A19103F-16F7-4668-BE54-9A1E7A4F7556}") = "Domain", "Domain\Domain.csproj", "{D3605391-875E-4890-B54E-246FE8FC8C3E}"
EndProject
Project("{2150E333-8FDC-42A3-9474-1A3956D46DE8}") = "Test Layer", "Test Layer", "{A9B7B273-B7AF-451D-B87C-BB32C9B4F243}"
EndProject
Project("{9A19103F-16F7-4668-BE54-9A1E7A4F7556}") = "APITests1", "APITests1\APITests1.csproj", "{BABAA3E8-4DCB-49A7-AA0B-26B974C7523C}"
EndProject
Global
	GlobalSection(SolutionConfigurationPlatforms) = preSolution
		Debug|Any CPU = Debug|Any CPU
		Release|Any CPU = Release|Any CPU
	EndGlobalSection
	GlobalSection(ProjectConfigurationPlatforms) = postSolution
		{A98B5CD1-BCD0-4BD1-BD91-6406E62B3FCB}.Debug|Any CPU.ActiveCfg = Debug|Any CPU
		{A98B5CD1-BCD0-4BD1-BD91-6406E62B3FCB}.Debug|Any CPU.Build.0 = Debug|Any CPU
		{A98B5CD1-BCD0-4BD1-BD91-6406E62B3FCB}.Release|Any CPU.ActiveCfg = Release|Any CPU
		{A98B5CD1-BCD0-4BD1-BD91-6406E62B3FCB}.Release|Any CPU.Build.0 = Release|Any CPU
		{9B14FF9B-0C72-4F93-ABC8-CFEE7691F0DE}.Debug|Any CPU.ActiveCfg = Debug|Any CPU
		{9B14FF9B-0C72-4F93-ABC8-CFEE7691F0DE}.Debug|Any CPU.Build.0 = Debug|Any CPU
		{9B14FF9B-0C72-4F93-ABC8-CFEE7691F0DE}.Release|Any CPU.ActiveCfg = Release|Any CPU
		{9B14FF9B-0C72-4F93-ABC8-CFEE7691F0DE}.Release|Any CPU.Build.0 = Release|Any CPU
		{B50E938D-8514-4AAD-895A-40D33EACCA06}.Debug|Any CPU.ActiveCfg = Debug|Any CPU
		{B50E938D-8514-4AAD-895A-40D33EACCA06}.Debug|Any CPU.Build.0 = Debug|Any CPU
		{B50E938D-8514-4AAD-895A-40D33EACCA06}.Release|Any CPU.ActiveCfg = Release|Any CPU
		{B50E938D-8514-4AAD-895A-40D33EACCA06}.Release|Any CPU.Build.0 = Release|Any CPU
		{D3605391-875E-4890-B54E-246FE8FC8C3E}.Debug|Any CPU.ActiveCfg = Debug|Any CPU
		{D3605391-875E-4890-B54E-246FE8FC8C3E}.Debug|Any CPU.Build.0 = Debug|Any CPU
		{D3605391-875E-4890-B54E-246FE8FC8C3E}.Release|Any CPU.ActiveCfg = Release|Any CPU
		{D3605391-875E-4890-B54E-246FE8FC8C3E}.Release|Any CPU.Build.0 = Release|Any CPU
		{BABAA3E8-4DCB-49A7-AA0B-26B974C7523C}.Debug|Any CPU.ActiveCfg = Debug|Any CPU
		{BABAA3E8-4DCB-49A7-AA0B-26B974C7523C}.Debug|Any CPU.Build.0 = Debug|Any CPU
		{BABAA3E8-4DCB-49A7-AA0B-26B974C7523C}.Release|Any CPU.ActiveCfg = Release|Any CPU
		{BABAA3E8-4DCB-49A7-AA0B-26B974C7523C}.Release|Any CPU.Build.0 = Release|Any CPU
	EndGlobalSection
	GlobalSection(SolutionProperties) = preSolution
		HideSolutionNode = FALSE
	EndGlobalSection
	GlobalSection(NestedProjects) = preSolution
		{A98B5CD1-BCD0-4BD1-BD91-6406E62B3FCB} = {9B3E8393-732F-4789-A285-8ACABB0D7D0E}
		{9B14FF9B-0C72-4F93-ABC8-CFEE7691F0DE} = {97E8193C-78CC-430A-BDDF-1A75F8294A6F}
		{B50E938D-8514-4AAD-895A-40D33EACCA06} = {70F958E4-E72E-4156-B69E-F7CC3838D60E}
		{D3605391-875E-4890-B54E-246FE8FC8C3E} = {1066ED13-B386-4991-A649-349C270A250C}
		{BABAA3E8-4DCB-49A7-AA0B-26B974C7523C} = {A9B7B273-B7AF-451D-B87C-BB32C9B4F243}
	EndGlobalSection
	GlobalSection(ExtensibilityGlobals) = postSolution
		SolutionGuid = {D6D38D39-4C20-4E02-B4E9-BBE6D85E5867}
	EndGlobalSection
EndGlobal
